// !$*UTF8*$!
{
	archiveVersion = 1;
	classes = {
	};
	objectVersion = 46;
	objects = {

/* Begin PBXBuildFile section */
		436E4DD3166ED3740003CB34 /* Default-568h@2x.png in Resources */ = {isa = PBXBuildFile; fileRef = 436E4DD2166ED3740003CB34 /* Default-568h@2x.png */; };
		4395CC15142506B400BEAA8E /* ImageCell.xib in Resources */ = {isa = PBXBuildFile; fileRef = 4395CC14142506B400BEAA8E /* ImageCell.xib */; };
		4395CC18142506C200BEAA8E /* ImageCell.m in Sources */ = {isa = PBXBuildFile; fileRef = 4395CC17142506C200BEAA8E /* ImageCell.m */; };
		4395CC201425142600BEAA8E /* time_sand_glass.png in Resources */ = {isa = PBXBuildFile; fileRef = 4395CC1F1425142600BEAA8E /* time_sand_glass.png */; };
		43DE380614262BDC000338DE /* FullScreenImageViewController.m in Sources */ = {isa = PBXBuildFile; fileRef = 43DE380414262BDC000338DE /* FullScreenImageViewController.m */; };
		43DE380714262BDC000338DE /* FullScreenImageViewController.xib in Resources */ = {isa = PBXBuildFile; fileRef = 43DE380514262BDC000338DE /* FullScreenImageViewController.xib */; };
		47A7790B141C248E007F5AEB /* UIKit.framework in Frameworks */ = {isa = PBXBuildFile; fileRef = 47A7790A141C248E007F5AEB /* UIKit.framework */; };
		47A7790D141C248E007F5AEB /* Foundation.framework in Frameworks */ = {isa = PBXBuildFile; fileRef = 47A7790C141C248E007F5AEB /* Foundation.framework */; };
		47A7790F141C248E007F5AEB /* CoreGraphics.framework in Frameworks */ = {isa = PBXBuildFile; fileRef = 47A7790E141C248E007F5AEB /* CoreGraphics.framework */; };
		47A77915141C248E007F5AEB /* InfoPlist.strings in Resources */ = {isa = PBXBuildFile; fileRef = 47A77913141C248E007F5AEB /* InfoPlist.strings */; };
		47A77918141C248E007F5AEB /* main.m in Sources */ = {isa = PBXBuildFile; fileRef = 47A77917141C248E007F5AEB /* main.m */; };
		47A7791E141C248F007F5AEB /* MainWindow.xib in Resources */ = {isa = PBXBuildFile; fileRef = 47A7791C141C248F007F5AEB /* MainWindow.xib */; };
		47A7797A141C25AC007F5AEB /* AsyncImageAppDelegate.m in Sources */ = {isa = PBXBuildFile; fileRef = 47A77935141C25AC007F5AEB /* AsyncImageAppDelegate.m */; };
		47A77991141C25AC007F5AEB /* AsyncImageView.m in Sources */ = {isa = PBXBuildFile; fileRef = 47A7796F141C25AC007F5AEB /* AsyncImageView.m */; };
		47A77992141C25AC007F5AEB /* ImageDownloader.m in Sources */ = {isa = PBXBuildFile; fileRef = 47A77972141C25AC007F5AEB /* ImageDownloader.m */; };
		47A77993141C25AC007F5AEB /* ImageManager.m in Sources */ = {isa = PBXBuildFile; fileRef = 47A77974141C25AC007F5AEB /* ImageManager.m */; };
		47A77994141C25AC007F5AEB /* AsyncImageViewController.m in Sources */ = {isa = PBXBuildFile; fileRef = 47A77978141C25AC007F5AEB /* AsyncImageViewController.m */; };
		47A77995141C25AC007F5AEB /* AsyncImageViewController.xib in Resources */ = {isa = PBXBuildFile; fileRef = 47A77979141C25AC007F5AEB /* AsyncImageViewController.xib */; };
/* End PBXBuildFile section */

/* Begin PBXFileReference section */
		436E4DD2166ED3740003CB34 /* Default-568h@2x.png */ = {isa = PBXFileReference; lastKnownFileType = image.png; path = "Default-568h@2x.png"; sourceTree = "<group>"; };
		4395CC14142506B400BEAA8E /* ImageCell.xib */ = {isa = PBXFileReference; fileEncoding = 4; lastKnownFileType = file.xib; path = ImageCell.xib; sourceTree = "<group>"; };
		4395CC16142506C200BEAA8E /* ImageCell.h */ = {isa = PBXFileReference; fileEncoding = 4; lastKnownFileType = sourcecode.c.h; path = ImageCell.h; sourceTree = "<group>"; };
		4395CC17142506C200BEAA8E /* ImageCell.m */ = {isa = PBXFileReference; fileEncoding = 4; lastKnownFileType = sourcecode.c.objc; path = ImageCell.m; sourceTree = "<group>"; };
		4395CC1F1425142600BEAA8E /* time_sand_glass.png */ = {isa = PBXFileReference; lastKnownFileType = image.png; path = time_sand_glass.png; sourceTree = "<group>"; };
		43DE380314262BDC000338DE /* FullScreenImageViewController.h */ = {isa = PBXFileReference; fileEncoding = 4; lastKnownFileType = sourcecode.c.h; path = FullScreenImageViewController.h; sourceTree = "<group>"; };
		43DE380414262BDC000338DE /* FullScreenImageViewController.m */ = {isa = PBXFileReference; fileEncoding = 4; lastKnownFileType = sourcecode.c.objc; path = FullScreenImageViewController.m; sourceTree = "<group>"; };
		43DE380514262BDC000338DE /* FullScreenImageViewController.xib */ = {isa = PBXFileReference; fileEncoding = 4; lastKnownFileType = file.xib; path = FullScreenImageViewController.xib; sourceTree = "<group>"; };
		47A77906141C248E007F5AEB /* AsyncImage.app */ = {isa = PBXFileReference; explicitFileType = wrapper.application; includeInIndex = 0; path = AsyncImage.app; sourceTree = BUILT_PRODUCTS_DIR; };
		47A7790A141C248E007F5AEB /* UIKit.framework */ = {isa = PBXFileReference; lastKnownFileType = wrapper.framework; name = UIKit.framework; path = System/Library/Frameworks/UIKit.framework; sourceTree = SDKROOT; };
		47A7790C141C248E007F5AEB /* Foundation.framework */ = {isa = PBXFileReference; lastKnownFileType = wrapper.framework; name = Foundation.framework; path = System/Library/Frameworks/Foundation.framework; sourceTree = SDKROOT; };
		47A7790E141C248E007F5AEB /* CoreGraphics.framework */ = {isa = PBXFileReference; lastKnownFileType = wrapper.framework; name = CoreGraphics.framework; path = System/Library/Frameworks/CoreGraphics.framework; sourceTree = SDKROOT; };
		47A77912141C248E007F5AEB /* AsyncImage-Info.plist */ = {isa = PBXFileReference; lastKnownFileType = text.plist.xml; path = "AsyncImage-Info.plist"; sourceTree = "<group>"; };
		47A77914141C248E007F5AEB /* en */ = {isa = PBXFileReference; lastKnownFileType = text.plist.strings; name = en; path = en.lproj/InfoPlist.strings; sourceTree = "<group>"; };
		47A77916141C248E007F5AEB /* AsyncImage-Prefix.pch */ = {isa = PBXFileReference; lastKnownFileType = sourcecode.c.h; path = "AsyncImage-Prefix.pch"; sourceTree = "<group>"; };
		47A77917141C248E007F5AEB /* main.m */ = {isa = PBXFileReference; lastKnownFileType = sourcecode.c.objc; path = main.m; sourceTree = "<group>"; };
		47A7791D141C248F007F5AEB /* en */ = {isa = PBXFileReference; lastKnownFileType = file.xib; name = en; path = en.lproj/MainWindow.xib; sourceTree = "<group>"; };
		47A77934141C25AC007F5AEB /* AsyncImageAppDelegate.h */ = {isa = PBXFileReference; fileEncoding = 4; lastKnownFileType = sourcecode.c.h; path = AsyncImageAppDelegate.h; sourceTree = "<group>"; };
		47A77935141C25AC007F5AEB /* AsyncImageAppDelegate.m */ = {isa = PBXFileReference; fileEncoding = 4; lastKnownFileType = sourcecode.c.objc; path = AsyncImageAppDelegate.m; sourceTree = "<group>"; };
		47A7796E141C25AC007F5AEB /* AsyncImageView.h */ = {isa = PBXFileReference; fileEncoding = 4; lastKnownFileType = sourcecode.c.h; path = AsyncImageView.h; sourceTree = "<group>"; };
		47A7796F141C25AC007F5AEB /* AsyncImageView.m */ = {isa = PBXFileReference; fileEncoding = 4; lastKnownFileType = sourcecode.c.objc; path = AsyncImageView.m; sourceTree = "<group>"; };
		47A77971141C25AC007F5AEB /* ImageDownloader.h */ = {isa = PBXFileReference; fileEncoding = 4; lastKnownFileType = sourcecode.c.h; path = ImageDownloader.h; sourceTree = "<group>"; };
		47A77972141C25AC007F5AEB /* ImageDownloader.m */ = {isa = PBXFileReference; fileEncoding = 4; lastKnownFileType = sourcecode.c.objc; path = ImageDownloader.m; sourceTree = "<group>"; };
		47A77973141C25AC007F5AEB /* ImageManager.h */ = {isa = PBXFileReference; fileEncoding = 4; lastKnownFileType = sourcecode.c.h; path = ImageManager.h; sourceTree = "<group>"; };
		47A77974141C25AC007F5AEB /* ImageManager.m */ = {isa = PBXFileReference; fileEncoding = 4; lastKnownFileType = sourcecode.c.objc; path = ImageManager.m; sourceTree = "<group>"; };
		47A77977141C25AC007F5AEB /* AsyncImageViewController.h */ = {isa = PBXFileReference; fileEncoding = 4; lastKnownFileType = sourcecode.c.h; path = AsyncImageViewController.h; sourceTree = "<group>"; };
		47A77978141C25AC007F5AEB /* AsyncImageViewController.m */ = {isa = PBXFileReference; fileEncoding = 4; lastKnownFileType = sourcecode.c.objc; path = AsyncImageViewController.m; sourceTree = "<group>"; };
		47A77979141C25AC007F5AEB /* AsyncImageViewController.xib */ = {isa = PBXFileReference; fileEncoding = 4; lastKnownFileType = file.xib; path = AsyncImageViewController.xib; sourceTree = "<group>"; };
/* End PBXFileReference section */

/* Begin PBXFrameworksBuildPhase section */
		47A77903141C248E007F5AEB /* Frameworks */ = {
			isa = PBXFrameworksBuildPhase;
			buildActionMask = 2147483647;
			files = (
				47A7790B141C248E007F5AEB /* UIKit.framework in Frameworks */,
				47A7790D141C248E007F5AEB /* Foundation.framework in Frameworks */,
				47A7790F141C248E007F5AEB /* CoreGraphics.framework in Frameworks */,
			);
			runOnlyForDeploymentPostprocessing = 0;
		};
/* End PBXFrameworksBuildPhase section */

/* Begin PBXGroup section */
		4395CC121425069100BEAA8E /* ImageCell */ = {
			isa = PBXGroup;
			children = (
				4395CC16142506C200BEAA8E /* ImageCell.h */,
				4395CC17142506C200BEAA8E /* ImageCell.m */,
				4395CC14142506B400BEAA8E /* ImageCell.xib */,
			);
			path = ImageCell;
			sourceTree = "<group>";
		};
		4395CC1D1425142600BEAA8E /* Resources */ = {
			isa = PBXGroup;
			children = (
				4395CC1E1425142600BEAA8E /* Images */,
			);
			path = Resources;
			sourceTree = "<group>";
		};
		4395CC1E1425142600BEAA8E /* Images */ = {
			isa = PBXGroup;
			children = (
				4395CC1F1425142600BEAA8E /* time_sand_glass.png */,
			);
			path = Images;
			sourceTree = "<group>";
		};
		43DE380114262BCB000338DE /* FullScreenImageViewController */ = {
			isa = PBXGroup;
			children = (
				43DE380314262BDC000338DE /* FullScreenImageViewController.h */,
				43DE380414262BDC000338DE /* FullScreenImageViewController.m */,
				43DE380514262BDC000338DE /* FullScreenImageViewController.xib */,
			);
			path = FullScreenImageViewController;
			sourceTree = "<group>";
		};
		47A778FB141C248E007F5AEB = {
			isa = PBXGroup;
			children = (
				436E4DD2166ED3740003CB34 /* Default-568h@2x.png */,
				47A77910141C248E007F5AEB /* AsyncImage */,
				47A77909141C248E007F5AEB /* Frameworks */,
				47A77907141C248E007F5AEB /* Products */,
			);
			sourceTree = "<group>";
		};
		47A77907141C248E007F5AEB /* Products */ = {
			isa = PBXGroup;
			children = (
				47A77906141C248E007F5AEB /* AsyncImage.app */,
			);
			name = Products;
			sourceTree = "<group>";
		};
		47A77909141C248E007F5AEB /* Frameworks */ = {
			isa = PBXGroup;
			children = (
				47A7790A141C248E007F5AEB /* UIKit.framework */,
				47A7790C141C248E007F5AEB /* Foundation.framework */,
				47A7790E141C248E007F5AEB /* CoreGraphics.framework */,
			);
			name = Frameworks;
			sourceTree = "<group>";
		};
		47A77910141C248E007F5AEB /* AsyncImage */ = {
			isa = PBXGroup;
			children = (
				4395CC1D1425142600BEAA8E /* Resources */,
				47A77932141C25AC007F5AEB /* Classes */,
				47A77911141C248E007F5AEB /* Supporting Files */,
			);
			path = AsyncImage;
			sourceTree = "<group>";
		};
		47A77911141C248E007F5AEB /* Supporting Files */ = {
			isa = PBXGroup;
			children = (
				47A7791C141C248F007F5AEB /* MainWindow.xib */,
				47A77912141C248E007F5AEB /* AsyncImage-Info.plist */,
				47A77913141C248E007F5AEB /* InfoPlist.strings */,
				47A77916141C248E007F5AEB /* AsyncImage-Prefix.pch */,
				47A77917141C248E007F5AEB /* main.m */,
			);
			name = "Supporting Files";
			sourceTree = "<group>";
		};
		47A77932141C25AC007F5AEB /* Classes */ = {
			isa = PBXGroup;
			children = (
				47A77933141C25AC007F5AEB /* AppDelegate */,
				47A77936141C25AC007F5AEB /* Domain */,
				47A77937141C25AC007F5AEB /* Libraries */,
				47A77975141C25AC007F5AEB /* ViewControllers */,
			);
			path = Classes;
			sourceTree = "<group>";
		};
		47A77933141C25AC007F5AEB /* AppDelegate */ = {
			isa = PBXGroup;
			children = (
				47A77934141C25AC007F5AEB /* AsyncImageAppDelegate.h */,
				47A77935141C25AC007F5AEB /* AsyncImageAppDelegate.m */,
			);
			path = AppDelegate;
			sourceTree = "<group>";
		};
		47A77936141C25AC007F5AEB /* Domain */ = {
			isa = PBXGroup;
			children = (
			);
			path = Domain;
			sourceTree = "<group>";
		};
		47A77937141C25AC007F5AEB /* Libraries */ = {
			isa = PBXGroup;
			children = (
				47A7796D141C25AC007F5AEB /* AsynImages */,
			);
			path = Libraries;
			sourceTree = "<group>";
		};
		47A7796D141C25AC007F5AEB /* AsynImages */ = {
			isa = PBXGroup;
			children = (
				47A7796E141C25AC007F5AEB /* AsyncImageView.h */,
				47A7796F141C25AC007F5AEB /* AsyncImageView.m */,
				47A77971141C25AC007F5AEB /* ImageDownloader.h */,
				47A77972141C25AC007F5AEB /* ImageDownloader.m */,
				47A77973141C25AC007F5AEB /* ImageManager.h */,
				47A77974141C25AC007F5AEB /* ImageManager.m */,
			);
			path = AsynImages;
			sourceTree = "<group>";
		};
		47A77975141C25AC007F5AEB /* ViewControllers */ = {
			isa = PBXGroup;
			children = (
				43DE380114262BCB000338DE /* FullScreenImageViewController */,
				47A77976141C25AC007F5AEB /* AsyncImageViewController */,
			);
			path = ViewControllers;
			sourceTree = "<group>";
		};
		47A77976141C25AC007F5AEB /* AsyncImageViewController */ = {
			isa = PBXGroup;
			children = (
				4395CC121425069100BEAA8E /* ImageCell */,
				47A77977141C25AC007F5AEB /* AsyncImageViewController.h */,
				47A77978141C25AC007F5AEB /* AsyncImageViewController.m */,
				47A77979141C25AC007F5AEB /* AsyncImageViewController.xib */,
			);
			path = AsyncImageViewController;
			sourceTree = "<group>";
		};
/* End PBXGroup section */

/* Begin PBXNativeTarget section */
		47A77905141C248E007F5AEB /* AsyncImage */ = {
			isa = PBXNativeTarget;
			buildConfigurationList = 47A77927141C248F007F5AEB /* Build configuration list for PBXNativeTarget "AsyncImage" */;
			buildPhases = (
				47A77902141C248E007F5AEB /* Sources */,
				47A77903141C248E007F5AEB /* Frameworks */,
				47A77904141C248E007F5AEB /* Resources */,
			);
			buildRules = (
			);
			dependencies = (
			);
			name = AsyncImage;
			productName = AsyncImage;
			productReference = 47A77906141C248E007F5AEB /* AsyncImage.app */;
			productType = "com.apple.product-type.application";
		};
/* End PBXNativeTarget section */

/* Begin PBXProject section */
		47A778FD141C248E007F5AEB /* Project object */ = {
			isa = PBXProject;
			attributes = {
				LastUpgradeCheck = 0450;
			};
			buildConfigurationList = 47A77900141C248E007F5AEB /* Build configuration list for PBXProject "AsyncImage" */;
			compatibilityVersion = "Xcode 3.2";
			developmentRegion = English;
			hasScannedForEncodings = 0;
			knownRegions = (
				en,
			);
			mainGroup = 47A778FB141C248E007F5AEB;
			productRefGroup = 47A77907141C248E007F5AEB /* Products */;
			projectDirPath = "";
			projectRoot = "";
			targets = (
				47A77905141C248E007F5AEB /* AsyncImage */,
			);
		};
/* End PBXProject section */

/* Begin PBXResourcesBuildPhase section */
		47A77904141C248E007F5AEB /* Resources */ = {
			isa = PBXResourcesBuildPhase;
			buildActionMask = 2147483647;
			files = (
				47A77915141C248E007F5AEB /* InfoPlist.strings in Resources */,
				47A7791E141C248F007F5AEB /* MainWindow.xib in Resources */,
				47A77995141C25AC007F5AEB /* AsyncImageViewController.xib in Resources */,
				4395CC15142506B400BEAA8E /* ImageCell.xib in Resources */,
				4395CC201425142600BEAA8E /* time_sand_glass.png in Resources */,
				43DE380714262BDC000338DE /* FullScreenImageViewController.xib in Resources */,
				436E4DD3166ED3740003CB34 /* Default-568h@2x.png in Resources */,
			);
			runOnlyForDeploymentPostprocessing = 0;
		};
/* End PBXResourcesBuildPhase section */

/* Begin PBXSourcesBuildPhase section */
		47A77902141C248E007F5AEB /* Sources */ = {
			isa = PBXSourcesBuildPhase;
			buildActionMask = 2147483647;
			files = (
				47A77918141C248E007F5AEB /* main.m in Sources */,
				47A7797A141C25AC007F5AEB /* AsyncImageAppDelegate.m in Sources */,
				47A77991141C25AC007F5AEB /* AsyncImageView.m in Sources */,
				47A77992141C25AC007F5AEB /* ImageDownloader.m in Sources */,
				47A77993141C25AC007F5AEB /* ImageManager.m in Sources */,
				47A77994141C25AC007F5AEB /* AsyncImageViewController.m in Sources */,
				4395CC18142506C200BEAA8E /* ImageCell.m in Sources */,
				43DE380614262BDC000338DE /* FullScreenImageViewController.m in Sources */,
			);
			runOnlyForDeploymentPostprocessing = 0;
		};
/* End PBXSourcesBuildPhase section */

/* Begin PBXVariantGroup section */
		47A77913141C248E007F5AEB /* InfoPlist.strings */ = {
			isa = PBXVariantGroup;
			children = (
				47A77914141C248E007F5AEB /* en */,
			);
			name = InfoPlist.strings;
			sourceTree = "<group>";
		};
		47A7791C141C248F007F5AEB /* MainWindow.xib */ = {
			isa = PBXVariantGroup;
			children = (
				47A7791D141C248F007F5AEB /* en */,
			);
			name = MainWindow.xib;
			sourceTree = "<group>";
		};
/* End PBXVariantGroup section */

/* Begin XCBuildConfiguration section */
		47A77925141C248F007F5AEB /* Debug */ = {
			isa = XCBuildConfiguration;
			buildSettings = {
				ARCHS = "$(ARCHS_STANDARD_32_BIT)";
				"CODE_SIGN_IDENTITY[sdk=iphoneos*]" = "iPhone Developer";
				GCC_C_LANGUAGE_STANDARD = gnu99;
				GCC_OPTIMIZATION_LEVEL = 0;
				GCC_PREPROCESSOR_DEFINITIONS = DEBUG;
				GCC_SYMBOLS_PRIVATE_EXTERN = NO;
				GCC_VERSION = com.apple.compilers.llvmgcc42;
				GCC_WARN_ABOUT_RETURN_TYPE = YES;
				GCC_WARN_UNUSED_VARIABLE = YES;
				IPHONEOS_DEPLOYMENT_TARGET = 4.3;
				SDKROOT = iphoneos;
			};
			name = Debug;
		};
		47A77926141C248F007F5AEB /* Release */ = {
			isa = XCBuildConfiguration;
			buildSettings = {
				ARCHS = "$(ARCHS_STANDARD_32_BIT)";
				"CODE_SIGN_IDENTITY[sdk=iphoneos*]" = "iPhone Developer";
				GCC_C_LANGUAGE_STANDARD = gnu99;
				GCC_VERSION = com.apple.compilers.llvmgcc42;
				GCC_WARN_ABOUT_RETURN_TYPE = YES;
				GCC_WARN_UNUSED_VARIABLE = YES;
				IPHONEOS_DEPLOYMENT_TARGET = 4.3;
				OTHER_CFLAGS = "-DNS_BLOCK_ASSERTIONS=1";
				SDKROOT = iphoneos;
			};
			name = Release;
		};
		47A77928141C248F007F5AEB /* Debug */ = {
			isa = XCBuildConfiguration;
			buildSettings = {
				ALWAYS_SEARCH_USER_PATHS = NO;
				COPY_PHASE_STRIP = NO;
				GCC_DYNAMIC_NO_PIC = NO;
				GCC_PRECOMPILE_PREFIX_HEADER = YES;
				GCC_PREFIX_HEADER = "AsyncImage/AsyncImage-Prefix.pch";
				GCC_VERSION = com.apple.compilers.llvm.clang.1_0;
				INFOPLIST_FILE = "AsyncImage/AsyncImage-Info.plist";
				PRODUCT_NAME = "$(TARGET_NAME)";
				WRAPPER_EXTENSION = app;
			};
			name = Debug;
		};
		47A77929141C248F007F5AEB /* Release */ = {
			isa = XCBuildConfiguration;
			buildSettings = {
				ALWAYS_SEARCH_USER_PATHS = NO;
				COPY_PHASE_STRIP = YES;
				GCC_PRECOMPILE_PREFIX_HEADER = YES;
				GCC_PREFIX_HEADER = "AsyncImage/AsyncImage-Prefix.pch";
				GCC_VERSION = com.apple.compilers.llvm.clang.1_0;
				INFOPLIST_FILE = "AsyncImage/AsyncImage-Info.plist";
				PRODUCT_NAME = "$(TARGET_NAME)";
				VALIDATE_PRODUCT = YES;
				WRAPPER_EXTENSION = app;
			};
			name = Release;
		};
/* End XCBuildConfiguration section */

/* Begin XCConfigurationList section */
		47A77900141C248E007F5AEB /* Build configuration list for PBXProject "AsyncImage" */ = {
			isa = XCConfigurationList;
			buildConfigurations = (
				47A77925141C248F007F5AEB /* Debug */,
				47A77926141C248F007F5AEB /* Release */,
			);
			defaultConfigurationIsVisible = 0;
			defaultConfigurationName = Release;
		};
		47A77927141C248F007F5AEB /* Build configuration list for PBXNativeTarget "AsyncImage" */ = {
			isa = XCConfigurationList;
			buildConfigurations = (
				47A77928141C248F007F5AEB /* Debug */,
				47A77929141C248F007F5AEB /* Release */,
			);
			defaultConfigurationIsVisible = 0;
			defaultConfigurationName = Release;
		};
/* End XCConfigurationList section */
	};
	rootObject = 47A778FD141C248E007F5AEB /* Project object */;
}
